// !$*UTF8*$!
{
	archiveVersion = 1;
	classes = {
	};
	objectVersion = 56;
	objects = {

/* Begin PBXBuildFile section */
		E726979C2B5A4F5B006A0034 /* UITableView+EXT.swift in Sources */ = {isa = PBXBuildFile; fileRef = E726979B2B5A4F5B006A0034 /* UITableView+EXT.swift */; };
		E734BEE62B5B65500038F9A7 /* KKTabBarController.swift in Sources */ = {isa = PBXBuildFile; fileRef = E734BEE52B5B65500038F9A7 /* KKTabBarController.swift */; };
		E734BEE82B5B687D0038F9A7 /* Products.storyboard in Resources */ = {isa = PBXBuildFile; fileRef = E734BEE72B5B687D0038F9A7 /* Products.storyboard */; };
		E734BEEA2B5B68AB0038F9A7 /* Friends.storyboard in Resources */ = {isa = PBXBuildFile; fileRef = E734BEE92B5B68AB0038F9A7 /* Friends.storyboard */; };
		E734BEEC2B5B68E00038F9A7 /* Manage.storyboard in Resources */ = {isa = PBXBuildFile; fileRef = E734BEEB2B5B68E00038F9A7 /* Manage.storyboard */; };
		E734BEEE2B5B68E90038F9A7 /* Setting.storyboard in Resources */ = {isa = PBXBuildFile; fileRef = E734BEED2B5B68E90038F9A7 /* Setting.storyboard */; };
		E734BEF02B5B690E0038F9A7 /* UIStoryboard+EXT.swift in Sources */ = {isa = PBXBuildFile; fileRef = E734BEEF2B5B690E0038F9A7 /* UIStoryboard+EXT.swift */; };
		E734BEF22B5B6D350038F9A7 /* UIColor+EXT.swift in Sources */ = {isa = PBXBuildFile; fileRef = E734BEF12B5B6D350038F9A7 /* UIColor+EXT.swift */; };
		E734BEF52B5B6F7B0038F9A7 /* KKFriendNavigationController.swift in Sources */ = {isa = PBXBuildFile; fileRef = E734BEF42B5B6F7B0038F9A7 /* KKFriendNavigationController.swift */; };
		E772B4492B58CF1B000BF51C /* AppDelegate.swift in Sources */ = {isa = PBXBuildFile; fileRef = E772B4482B58CF1B000BF51C /* AppDelegate.swift */; };
		E772B44B2B58CF1B000BF51C /* SceneDelegate.swift in Sources */ = {isa = PBXBuildFile; fileRef = E772B44A2B58CF1B000BF51C /* SceneDelegate.swift */; };
		E772B44D2B58CF1B000BF51C /* ViewController.swift in Sources */ = {isa = PBXBuildFile; fileRef = E772B44C2B58CF1B000BF51C /* ViewController.swift */; };
		E772B4502B58CF1B000BF51C /* Main.storyboard in Resources */ = {isa = PBXBuildFile; fileRef = E772B44E2B58CF1B000BF51C /* Main.storyboard */; };
		E772B4522B58CF1D000BF51C /* Assets.xcassets in Resources */ = {isa = PBXBuildFile; fileRef = E772B4512B58CF1D000BF51C /* Assets.xcassets */; };
		E772B4552B58CF1D000BF51C /* LaunchScreen.storyboard in Resources */ = {isa = PBXBuildFile; fileRef = E772B4532B58CF1D000BF51C /* LaunchScreen.storyboard */; };
		E772B4602B58D34D000BF51C /* KokoService.swift in Sources */ = {isa = PBXBuildFile; fileRef = E772B45F2B58D34D000BF51C /* KokoService.swift */; };
		E772B4662B58D4A7000BF51C /* Bundle+EXT.swift in Sources */ = {isa = PBXBuildFile; fileRef = E772B4652B58D4A7000BF51C /* Bundle+EXT.swift */; };
		E772B46A2B58D9A8000BF51C /* KKFriend.swift in Sources */ = {isa = PBXBuildFile; fileRef = E772B4692B58D9A8000BF51C /* KKFriend.swift */; };
		E772B46C2B58DAED000BF51C /* KKUser.swift in Sources */ = {isa = PBXBuildFile; fileRef = E772B46B2B58DAED000BF51C /* KKUser.swift */; };
		E772B46F2B58DC22000BF51C /* KKResponse.swift in Sources */ = {isa = PBXBuildFile; fileRef = E772B46E2B58DC22000BF51C /* KKResponse.swift */; };
		E772B4712B58E0BC000BF51C /* KKRequest.swift in Sources */ = {isa = PBXBuildFile; fileRef = E772B4702B58E0BC000BF51C /* KKRequest.swift */; };
		E772B4792B58E3FE000BF51C /* KokoFriendListViewModelTests.swift in Sources */ = {isa = PBXBuildFile; fileRef = E772B4782B58E3FE000BF51C /* KokoFriendListViewModelTests.swift */; };
		E772B4812B58E5C8000BF51C /* KokoFriendListViewModel.swift in Sources */ = {isa = PBXBuildFile; fileRef = E772B4802B58E5C8000BF51C /* KokoFriendListViewModel.swift */; };
		E772B4842B58E8EA000BF51C /* MockKokoService.swift in Sources */ = {isa = PBXBuildFile; fileRef = E772B4832B58E8EA000BF51C /* MockKokoService.swift */; };
		E772B4862B58E982000BF51C /* man.json in Resources */ = {isa = PBXBuildFile; fileRef = E772B4852B58E982000BF51C /* man.json */; };
		E772B4892B58E9C7000BF51C /* FileLoader.swift in Sources */ = {isa = PBXBuildFile; fileRef = E772B4882B58E9C7000BF51C /* FileLoader.swift */; };
		E772B48B2B58EBDB000BF51C /* friend1.json in Resources */ = {isa = PBXBuildFile; fileRef = E772B48A2B58EBDB000BF51C /* friend1.json */; };
		E772B48E2B58F59B000BF51C /* UserInfoView.swift in Sources */ = {isa = PBXBuildFile; fileRef = E772B48D2B58F59B000BF51C /* UserInfoView.swift */; };
		E772B4902B594512000BF51C /* UIFont+EXT.swift in Sources */ = {isa = PBXBuildFile; fileRef = E772B48F2B594512000BF51C /* UIFont+EXT.swift */; };
		E772B4952B594AEF000BF51C /* KKFontStyles.swift in Sources */ = {isa = PBXBuildFile; fileRef = E772B4942B594AEF000BF51C /* KKFontStyles.swift */; };
		E772B49B2B5A2283000BF51C /* SelectionTabView.swift in Sources */ = {isa = PBXBuildFile; fileRef = E772B49A2B5A2283000BF51C /* SelectionTabView.swift */; };
		E772B49D2B5A2A45000BF51C /* BadgeLabelView.swift in Sources */ = {isa = PBXBuildFile; fileRef = E772B49C2B5A2A45000BF51C /* BadgeLabelView.swift */; };
		E772B49F2B5A3091000BF51C /* BadgeLabel.swift in Sources */ = {isa = PBXBuildFile; fileRef = E772B49E2B5A3091000BF51C /* BadgeLabel.swift */; };
		E772B4A12B5A3493000BF51C /* UIView+EXT.swift in Sources */ = {isa = PBXBuildFile; fileRef = E772B4A02B5A3493000BF51C /* UIView+EXT.swift */; };
/* End PBXBuildFile section */

/* Begin PBXContainerItemProxy section */
		E772B47A2B58E3FE000BF51C /* PBXContainerItemProxy */ = {
			isa = PBXContainerItemProxy;
			containerPortal = E772B43D2B58CF1B000BF51C /* Project object */;
			proxyType = 1;
			remoteGlobalIDString = E772B4442B58CF1B000BF51C;
			remoteInfo = KOKO_friends;
		};
/* End PBXContainerItemProxy section */

/* Begin PBXFileReference section */
		E734BEE52B5B65500038F9A7 /* KKTabBarController.swift */ = {isa = PBXFileReference; lastKnownFileType = sourcecode.swift; path = KKTabBarController.swift; sourceTree = "<group>"; };
		E734BEE72B5B687D0038F9A7 /* Products.storyboard */ = {isa = PBXFileReference; lastKnownFileType = file.storyboard; path = Products.storyboard; sourceTree = "<group>"; };
		E734BEE92B5B68AB0038F9A7 /* Friends.storyboard */ = {isa = PBXFileReference; lastKnownFileType = file.storyboard; path = Friends.storyboard; sourceTree = "<group>"; };
		E734BEEB2B5B68E00038F9A7 /* Manage.storyboard */ = {isa = PBXFileReference; lastKnownFileType = file.storyboard; path = Manage.storyboard; sourceTree = "<group>"; };
		E734BEED2B5B68E90038F9A7 /* Setting.storyboard */ = {isa = PBXFileReference; lastKnownFileType = file.storyboard; path = Setting.storyboard; sourceTree = "<group>"; };
		E734BEEF2B5B690E0038F9A7 /* UIStoryboard+EXT.swift */ = {isa = PBXFileReference; lastKnownFileType = sourcecode.swift; path = "UIStoryboard+EXT.swift"; sourceTree = "<group>"; };
		E734BEF12B5B6D350038F9A7 /* UIColor+EXT.swift */ = {isa = PBXFileReference; lastKnownFileType = sourcecode.swift; path = "UIColor+EXT.swift"; sourceTree = "<group>"; };
		E734BEF42B5B6F7B0038F9A7 /* KKFriendNavigationController.swift */ = {isa = PBXFileReference; lastKnownFileType = sourcecode.swift; path = KKFriendNavigationController.swift; sourceTree = "<group>"; };
		E772B4452B58CF1B000BF51C /* KOKO_friends.app */ = {isa = PBXFileReference; explicitFileType = wrapper.application; includeInIndex = 0; path = KOKO_friends.app; sourceTree = BUILT_PRODUCTS_DIR; };
		E772B4482B58CF1B000BF51C /* AppDelegate.swift */ = {isa = PBXFileReference; lastKnownFileType = sourcecode.swift; path = AppDelegate.swift; sourceTree = "<group>"; };
		E772B44A2B58CF1B000BF51C /* SceneDelegate.swift */ = {isa = PBXFileReference; lastKnownFileType = sourcecode.swift; path = SceneDelegate.swift; sourceTree = "<group>"; };
		E772B44C2B58CF1B000BF51C /* ViewController.swift */ = {isa = PBXFileReference; lastKnownFileType = sourcecode.swift; path = ViewController.swift; sourceTree = "<group>"; };
		E772B44F2B58CF1B000BF51C /* Base */ = {isa = PBXFileReference; lastKnownFileType = file.storyboard; name = Base; path = Base.lproj/Main.storyboard; sourceTree = "<group>"; };
		E772B4512B58CF1D000BF51C /* Assets.xcassets */ = {isa = PBXFileReference; lastKnownFileType = folder.assetcatalog; path = Assets.xcassets; sourceTree = "<group>"; };
		E772B4542B58CF1D000BF51C /* Base */ = {isa = PBXFileReference; lastKnownFileType = file.storyboard; name = Base; path = Base.lproj/LaunchScreen.storyboard; sourceTree = "<group>"; };
		E772B4562B58CF1D000BF51C /* Info.plist */ = {isa = PBXFileReference; lastKnownFileType = text.plist.xml; path = Info.plist; sourceTree = "<group>"; };
		E772B45F2B58D34D000BF51C /* KokoService.swift */ = {isa = PBXFileReference; lastKnownFileType = sourcecode.swift; path = KokoService.swift; sourceTree = "<group>"; };
		E772B4652B58D4A7000BF51C /* Bundle+EXT.swift */ = {isa = PBXFileReference; lastKnownFileType = sourcecode.swift; path = "Bundle+EXT.swift"; sourceTree = "<group>"; };
		E772B4692B58D9A8000BF51C /* KKFriend.swift */ = {isa = PBXFileReference; lastKnownFileType = sourcecode.swift; path = KKFriend.swift; sourceTree = "<group>"; };
		E772B46B2B58DAED000BF51C /* KKUser.swift */ = {isa = PBXFileReference; lastKnownFileType = sourcecode.swift; path = KKUser.swift; sourceTree = "<group>"; };
		E772B46E2B58DC22000BF51C /* KKResponse.swift */ = {isa = PBXFileReference; lastKnownFileType = sourcecode.swift; path = KKResponse.swift; sourceTree = "<group>"; };
		E772B4702B58E0BC000BF51C /* KKRequest.swift */ = {isa = PBXFileReference; lastKnownFileType = sourcecode.swift; path = KKRequest.swift; sourceTree = "<group>"; };
		E772B4762B58E3FE000BF51C /* KOKO_friendsTests.xctest */ = {isa = PBXFileReference; explicitFileType = wrapper.cfbundle; includeInIndex = 0; path = KOKO_friendsTests.xctest; sourceTree = BUILT_PRODUCTS_DIR; };
		E772B4782B58E3FE000BF51C /* KokoFriendListViewModelTests.swift */ = {isa = PBXFileReference; lastKnownFileType = sourcecode.swift; path = KokoFriendListViewModelTests.swift; sourceTree = "<group>"; };
		E772B4802B58E5C8000BF51C /* KokoFriendListViewModel.swift */ = {isa = PBXFileReference; lastKnownFileType = sourcecode.swift; path = KokoFriendListViewModel.swift; sourceTree = "<group>"; };
		E772B4832B58E8EA000BF51C /* MockKokoService.swift */ = {isa = PBXFileReference; lastKnownFileType = sourcecode.swift; path = MockKokoService.swift; sourceTree = "<group>"; };
		E772B4852B58E982000BF51C /* man.json */ = {isa = PBXFileReference; lastKnownFileType = text.json; path = man.json; sourceTree = "<group>"; };
		E772B4882B58E9C7000BF51C /* FileLoader.swift */ = {isa = PBXFileReference; lastKnownFileType = sourcecode.swift; path = FileLoader.swift; sourceTree = "<group>"; };
		E772B48A2B58EBDB000BF51C /* friend1.json */ = {isa = PBXFileReference; lastKnownFileType = text.json; path = friend1.json; sourceTree = "<group>"; };
		E772B48D2B58F59B000BF51C /* UserInfoView.swift */ = {isa = PBXFileReference; lastKnownFileType = sourcecode.swift; path = UserInfoView.swift; sourceTree = "<group>"; };
		E772B48F2B594512000BF51C /* UIFont+EXT.swift */ = {isa = PBXFileReference; lastKnownFileType = sourcecode.swift; path = "UIFont+EXT.swift"; sourceTree = "<group>"; };
		E772B4942B594AEF000BF51C /* KKFontStyles.swift */ = {isa = PBXFileReference; lastKnownFileType = sourcecode.swift; path = KKFontStyles.swift; sourceTree = "<group>"; };
		E772B49A2B5A2283000BF51C /* SelectionTabView.swift */ = {isa = PBXFileReference; lastKnownFileType = sourcecode.swift; path = SelectionTabView.swift; sourceTree = "<group>"; };
		E772B49C2B5A2A45000BF51C /* BadgeLabelView.swift */ = {isa = PBXFileReference; lastKnownFileType = sourcecode.swift; path = BadgeLabelView.swift; sourceTree = "<group>"; };
		E772B49E2B5A3091000BF51C /* BadgeLabel.swift */ = {isa = PBXFileReference; lastKnownFileType = sourcecode.swift; path = BadgeLabel.swift; sourceTree = "<group>"; };
		E772B4A02B5A3493000BF51C /* UIView+EXT.swift */ = {isa = PBXFileReference; lastKnownFileType = sourcecode.swift; path = "UIView+EXT.swift"; sourceTree = "<group>"; };
/* End PBXFileReference section */

/* Begin PBXFrameworksBuildPhase section */
		E772B4422B58CF1B000BF51C /* Frameworks */ = {
			isa = PBXFrameworksBuildPhase;
			buildActionMask = 2147483647;
			files = (
			);
			runOnlyForDeploymentPostprocessing = 0;
		};
		E772B4732B58E3FE000BF51C /* Frameworks */ = {
			isa = PBXFrameworksBuildPhase;
			buildActionMask = 2147483647;
			files = (
			);
			runOnlyForDeploymentPostprocessing = 0;
		};
/* End PBXFrameworksBuildPhase section */

/* Begin PBXGroup section */
		E772B43C2B58CF1B000BF51C = {
			isa = PBXGroup;
			children = (
				E772B4472B58CF1B000BF51C /* KOKO_friends */,
				E772B4772B58E3FE000BF51C /* KOKO_friendsTests */,
				E772B4462B58CF1B000BF51C /* Products */,
			);
			sourceTree = "<group>";
		};
		E772B4462B58CF1B000BF51C /* Products */ = {
			isa = PBXGroup;
			children = (
				E772B4452B58CF1B000BF51C /* KOKO_friends.app */,
				E772B4762B58E3FE000BF51C /* KOKO_friendsTests.xctest */,
			);
			name = Products;
			sourceTree = "<group>";
		};
		E772B4472B58CF1B000BF51C /* KOKO_friends */ = {
			isa = PBXGroup;
			children = (
				E772B4912B594ACB000BF51C /* Styles */,
				E772B4872B58E9B2000BF51C /* Helpers */,
				E772B4822B58E8D8000BF51C /* Mock */,
				E772B47F2B58E59A000BF51C /* Views */,
				E772B46D2B58DB73000BF51C /* Managers */,
				E772B4642B58D499000BF51C /* Extensions */,
				E772B4612B58D3C5000BF51C /* Models */,
				E772B45C2B58D2F9000BF51C /* Services */,
				E772B4482B58CF1B000BF51C /* AppDelegate.swift */,
				E772B44A2B58CF1B000BF51C /* SceneDelegate.swift */,
				E772B44C2B58CF1B000BF51C /* ViewController.swift */,
				E772B4512B58CF1D000BF51C /* Assets.xcassets */,
				E772B4532B58CF1D000BF51C /* LaunchScreen.storyboard */,
				E772B4562B58CF1D000BF51C /* Info.plist */,
			);
			path = KOKO_friends;
			sourceTree = "<group>";
		};
		E772B45C2B58D2F9000BF51C /* Services */ = {
			isa = PBXGroup;
			children = (
				E772B45F2B58D34D000BF51C /* KokoService.swift */,
			);
			path = Services;
			sourceTree = "<group>";
		};
		E772B4612B58D3C5000BF51C /* Models */ = {
			isa = PBXGroup;
			children = (
				E772B4692B58D9A8000BF51C /* KKFriend.swift */,
				E772B46B2B58DAED000BF51C /* KKUser.swift */,
				E772B46E2B58DC22000BF51C /* KKResponse.swift */,
				E772B4702B58E0BC000BF51C /* KKRequest.swift */,
			);
			path = Models;
			sourceTree = "<group>";
		};
		E772B4642B58D499000BF51C /* Extensions */ = {
			isa = PBXGroup;
			children = (
				E772B4652B58D4A7000BF51C /* Bundle+EXT.swift */,
				E772B48F2B594512000BF51C /* UIFont+EXT.swift */,
				E772B4A02B5A3493000BF51C /* UIView+EXT.swift */,
				E726979B2B5A4F5B006A0034 /* UITableView+EXT.swift */,
				E734BEEF2B5B690E0038F9A7 /* UIStoryboard+EXT.swift */,
				E734BEF12B5B6D350038F9A7 /* UIColor+EXT.swift */,
			);
			path = Extensions;
			sourceTree = "<group>";
		};
		E772B46D2B58DB73000BF51C /* Managers */ = {
			isa = PBXGroup;
			children = (
			);
			path = Managers;
			sourceTree = "<group>";
		};
		E772B4772B58E3FE000BF51C /* KOKO_friendsTests */ = {
			isa = PBXGroup;
			children = (
				E772B4782B58E3FE000BF51C /* KokoFriendListViewModelTests.swift */,
			);
			path = KOKO_friendsTests;
			sourceTree = "<group>";
		};
		E772B47F2B58E59A000BF51C /* Views */ = {
			isa = PBXGroup;
			children = (
				E772B48C2B58F57A000BF51C /* Components */,
				E772B4802B58E5C8000BF51C /* KokoFriendListViewModel.swift */,
				E772B44E2B58CF1B000BF51C /* Main.storyboard */,
				E734BEE72B5B687D0038F9A7 /* Products.storyboard */,
				E734BEEB2B5B68E00038F9A7 /* Manage.storyboard */,
				E734BEED2B5B68E90038F9A7 /* Setting.storyboard */,
				E734BEE92B5B68AB0038F9A7 /* Friends.storyboard */,
			);
			path = Views;
			sourceTree = "<group>";
		};
		E772B4822B58E8D8000BF51C /* Mock */ = {
			isa = PBXGroup;
			children = (
				E772B4832B58E8EA000BF51C /* MockKokoService.swift */,
				E772B4852B58E982000BF51C /* man.json */,
				E772B48A2B58EBDB000BF51C /* friend1.json */,
			);
			path = Mock;
			sourceTree = "<group>";
		};
		E772B4872B58E9B2000BF51C /* Helpers */ = {
			isa = PBXGroup;
			children = (
				E772B4882B58E9C7000BF51C /* FileLoader.swift */,
			);
			path = Helpers;
			sourceTree = "<group>";
		};
		E772B48C2B58F57A000BF51C /* Components */ = {
			isa = PBXGroup;
			children = (
				E772B4A22B5A3787000BF51C /* Base */,
				E772B48D2B58F59B000BF51C /* UserInfoView.swift */,
				E772B49A2B5A2283000BF51C /* SelectionTabView.swift */,
			);
			path = Components;
			sourceTree = "<group>";
		};
		E772B4912B594ACB000BF51C /* Styles */ = {
			isa = PBXGroup;
			children = (
				E772B4942B594AEF000BF51C /* KKFontStyles.swift */,
			);
			path = Styles;
			sourceTree = "<group>";
		};
		E772B4A22B5A3787000BF51C /* Base */ = {
			isa = PBXGroup;
			children = (
				E772B49C2B5A2A45000BF51C /* BadgeLabelView.swift */,
				E772B49E2B5A3091000BF51C /* BadgeLabel.swift */,
				E734BEE52B5B65500038F9A7 /* KKTabBarController.swift */,
				E734BEF42B5B6F7B0038F9A7 /* KKFriendNavigationController.swift */,
			);
			path = Base;
			sourceTree = "<group>";
		};
/* End PBXGroup section */

/* Begin PBXNativeTarget section */
		E772B4442B58CF1B000BF51C /* KOKO_friends */ = {
			isa = PBXNativeTarget;
			buildConfigurationList = E772B4592B58CF1D000BF51C /* Build configuration list for PBXNativeTarget "KOKO_friends" */;
			buildPhases = (
				E772B4412B58CF1B000BF51C /* Sources */,
				E772B4422B58CF1B000BF51C /* Frameworks */,
				E772B4432B58CF1B000BF51C /* Resources */,
			);
			buildRules = (
			);
			dependencies = (
			);
			name = KOKO_friends;
			productName = KOKO_friends;
			productReference = E772B4452B58CF1B000BF51C /* KOKO_friends.app */;
			productType = "com.apple.product-type.application";
		};
		E772B4752B58E3FE000BF51C /* KOKO_friendsTests */ = {
			isa = PBXNativeTarget;
			buildConfigurationList = E772B47C2B58E3FE000BF51C /* Build configuration list for PBXNativeTarget "KOKO_friendsTests" */;
			buildPhases = (
				E772B4722B58E3FE000BF51C /* Sources */,
				E772B4732B58E3FE000BF51C /* Frameworks */,
				E772B4742B58E3FE000BF51C /* Resources */,
			);
			buildRules = (
			);
			dependencies = (
				E772B47B2B58E3FE000BF51C /* PBXTargetDependency */,
			);
			name = KOKO_friendsTests;
			productName = KOKO_friendsTests;
			productReference = E772B4762B58E3FE000BF51C /* KOKO_friendsTests.xctest */;
			productType = "com.apple.product-type.bundle.unit-test";
		};
/* End PBXNativeTarget section */

/* Begin PBXProject section */
		E772B43D2B58CF1B000BF51C /* Project object */ = {
			isa = PBXProject;
			attributes = {
				BuildIndependentTargetsInParallel = 1;
				LastSwiftUpdateCheck = 1500;
				LastUpgradeCheck = 1500;
				TargetAttributes = {
					E772B4442B58CF1B000BF51C = {
						CreatedOnToolsVersion = 15.0;
					};
					E772B4752B58E3FE000BF51C = {
						CreatedOnToolsVersion = 15.0;
						TestTargetID = E772B4442B58CF1B000BF51C;
					};
				};
			};
			buildConfigurationList = E772B4402B58CF1B000BF51C /* Build configuration list for PBXProject "KOKO_friends" */;
			compatibilityVersion = "Xcode 14.0";
			developmentRegion = en;
			hasScannedForEncodings = 0;
			knownRegions = (
				en,
				Base,
			);
			mainGroup = E772B43C2B58CF1B000BF51C;
			productRefGroup = E772B4462B58CF1B000BF51C /* Products */;
			projectDirPath = "";
			projectRoot = "";
			targets = (
				E772B4442B58CF1B000BF51C /* KOKO_friends */,
				E772B4752B58E3FE000BF51C /* KOKO_friendsTests */,
			);
		};
/* End PBXProject section */

/* Begin PBXResourcesBuildPhase section */
		E772B4432B58CF1B000BF51C /* Resources */ = {
			isa = PBXResourcesBuildPhase;
			buildActionMask = 2147483647;
			files = (
				E734BEEA2B5B68AB0038F9A7 /* Friends.storyboard in Resources */,
				E772B48B2B58EBDB000BF51C /* friend1.json in Resources */,
				E734BEE82B5B687D0038F9A7 /* Products.storyboard in Resources */,
				E772B4862B58E982000BF51C /* man.json in Resources */,
				E772B4552B58CF1D000BF51C /* LaunchScreen.storyboard in Resources */,
				E772B4522B58CF1D000BF51C /* Assets.xcassets in Resources */,
				E734BEEE2B5B68E90038F9A7 /* Setting.storyboard in Resources */,
				E772B4502B58CF1B000BF51C /* Main.storyboard in Resources */,
				E734BEEC2B5B68E00038F9A7 /* Manage.storyboard in Resources */,
			);
			runOnlyForDeploymentPostprocessing = 0;
		};
		E772B4742B58E3FE000BF51C /* Resources */ = {
			isa = PBXResourcesBuildPhase;
			buildActionMask = 2147483647;
			files = (
			);
			runOnlyForDeploymentPostprocessing = 0;
		};
/* End PBXResourcesBuildPhase section */

/* Begin PBXSourcesBuildPhase section */
		E772B4412B58CF1B000BF51C /* Sources */ = {
			isa = PBXSourcesBuildPhase;
			buildActionMask = 2147483647;
			files = (
				E772B49D2B5A2A45000BF51C /* BadgeLabelView.swift in Sources */,
				E772B4712B58E0BC000BF51C /* KKRequest.swift in Sources */,
				E772B46F2B58DC22000BF51C /* KKResponse.swift in Sources */,
				E772B44D2B58CF1B000BF51C /* ViewController.swift in Sources */,
				E734BEF02B5B690E0038F9A7 /* UIStoryboard+EXT.swift in Sources */,
				E772B4602B58D34D000BF51C /* KokoService.swift in Sources */,
				E726979C2B5A4F5B006A0034 /* UITableView+EXT.swift in Sources */,
				E772B4842B58E8EA000BF51C /* MockKokoService.swift in Sources */,
				E772B46C2B58DAED000BF51C /* KKUser.swift in Sources */,
				E772B4892B58E9C7000BF51C /* FileLoader.swift in Sources */,
				E772B4A12B5A3493000BF51C /* UIView+EXT.swift in Sources */,
				E734BEE62B5B65500038F9A7 /* KKTabBarController.swift in Sources */,
				E772B4662B58D4A7000BF51C /* Bundle+EXT.swift in Sources */,
				E772B49B2B5A2283000BF51C /* SelectionTabView.swift in Sources */,
				E772B4952B594AEF000BF51C /* KKFontStyles.swift in Sources */,
				E734BEF52B5B6F7B0038F9A7 /* KKFriendNavigationController.swift in Sources */,
				E772B46A2B58D9A8000BF51C /* KKFriend.swift in Sources */,
				E772B4492B58CF1B000BF51C /* AppDelegate.swift in Sources */,
				E772B48E2B58F59B000BF51C /* UserInfoView.swift in Sources */,
				E772B4812B58E5C8000BF51C /* KokoFriendListViewModel.swift in Sources */,
				E772B4902B594512000BF51C /* UIFont+EXT.swift in Sources */,
				E772B44B2B58CF1B000BF51C /* SceneDelegate.swift in Sources */,
				E734BEF22B5B6D350038F9A7 /* UIColor+EXT.swift in Sources */,
				E772B49F2B5A3091000BF51C /* BadgeLabel.swift in Sources */,
			);
			runOnlyForDeploymentPostprocessing = 0;
		};
		E772B4722B58E3FE000BF51C /* Sources */ = {
			isa = PBXSourcesBuildPhase;
			buildActionMask = 2147483647;
			files = (
				E772B4792B58E3FE000BF51C /* KokoFriendListViewModelTests.swift in Sources */,
			);
			runOnlyForDeploymentPostprocessing = 0;
		};
/* End PBXSourcesBuildPhase section */

/* Begin PBXTargetDependency section */
		E772B47B2B58E3FE000BF51C /* PBXTargetDependency */ = {
			isa = PBXTargetDependency;
			target = E772B4442B58CF1B000BF51C /* KOKO_friends */;
			targetProxy = E772B47A2B58E3FE000BF51C /* PBXContainerItemProxy */;
		};
/* End PBXTargetDependency section */

/* Begin PBXVariantGroup section */
		E772B44E2B58CF1B000BF51C /* Main.storyboard */ = {
			isa = PBXVariantGroup;
			children = (
				E772B44F2B58CF1B000BF51C /* Base */,
			);
			name = Main.storyboard;
			sourceTree = "<group>";
		};
		E772B4532B58CF1D000BF51C /* LaunchScreen.storyboard */ = {
			isa = PBXVariantGroup;
			children = (
				E772B4542B58CF1D000BF51C /* Base */,
			);
			name = LaunchScreen.storyboard;
			sourceTree = "<group>";
		};
/* End PBXVariantGroup section */

/* Begin XCBuildConfiguration section */
		E772B4572B58CF1D000BF51C /* Debug */ = {
			isa = XCBuildConfiguration;
			buildSettings = {
				ALWAYS_SEARCH_USER_PATHS = NO;
				ASSETCATALOG_COMPILER_GENERATE_SWIFT_ASSET_SYMBOL_EXTENSIONS = YES;
				CLANG_ANALYZER_NONNULL = YES;
				CLANG_ANALYZER_NUMBER_OBJECT_CONVERSION = YES_AGGRESSIVE;
				CLANG_CXX_LANGUAGE_STANDARD = "gnu++20";
				CLANG_ENABLE_MODULES = YES;
				CLANG_ENABLE_OBJC_ARC = YES;
				CLANG_ENABLE_OBJC_WEAK = YES;
				CLANG_WARN_BLOCK_CAPTURE_AUTORELEASING = YES;
				CLANG_WARN_BOOL_CONVERSION = YES;
				CLANG_WARN_COMMA = YES;
				CLANG_WARN_CONSTANT_CONVERSION = YES;
				CLANG_WARN_DEPRECATED_OBJC_IMPLEMENTATIONS = YES;
				CLANG_WARN_DIRECT_OBJC_ISA_USAGE = YES_ERROR;
				CLANG_WARN_DOCUMENTATION_COMMENTS = YES;
				CLANG_WARN_EMPTY_BODY = YES;
				CLANG_WARN_ENUM_CONVERSION = YES;
				CLANG_WARN_INFINITE_RECURSION = YES;
				CLANG_WARN_INT_CONVERSION = YES;
				CLANG_WARN_NON_LITERAL_NULL_CONVERSION = YES;
				CLANG_WARN_OBJC_IMPLICIT_RETAIN_SELF = YES;
				CLANG_WARN_OBJC_LITERAL_CONVERSION = YES;
				CLANG_WARN_OBJC_ROOT_CLASS = YES_ERROR;
				CLANG_WARN_QUOTED_INCLUDE_IN_FRAMEWORK_HEADER = YES;
				CLANG_WARN_RANGE_LOOP_ANALYSIS = YES;
				CLANG_WARN_STRICT_PROTOTYPES = YES;
				CLANG_WARN_SUSPICIOUS_MOVE = YES;
				CLANG_WARN_UNGUARDED_AVAILABILITY = YES_AGGRESSIVE;
				CLANG_WARN_UNREACHABLE_CODE = YES;
				CLANG_WARN__DUPLICATE_METHOD_MATCH = YES;
				COPY_PHASE_STRIP = NO;
				DEBUG_INFORMATION_FORMAT = dwarf;
				ENABLE_STRICT_OBJC_MSGSEND = YES;
				ENABLE_TESTABILITY = YES;
				ENABLE_USER_SCRIPT_SANDBOXING = YES;
				GCC_C_LANGUAGE_STANDARD = gnu17;
				GCC_DYNAMIC_NO_PIC = NO;
				GCC_NO_COMMON_BLOCKS = YES;
				GCC_OPTIMIZATION_LEVEL = 0;
				GCC_PREPROCESSOR_DEFINITIONS = (
					"DEBUG=1",
					"$(inherited)",
				);
				GCC_WARN_64_TO_32_BIT_CONVERSION = YES;
				GCC_WARN_ABOUT_RETURN_TYPE = YES_ERROR;
				GCC_WARN_UNDECLARED_SELECTOR = YES;
				GCC_WARN_UNINITIALIZED_AUTOS = YES_AGGRESSIVE;
				GCC_WARN_UNUSED_FUNCTION = YES;
				GCC_WARN_UNUSED_VARIABLE = YES;
				IPHONEOS_DEPLOYMENT_TARGET = 17.0;
				LOCALIZATION_PREFERS_STRING_CATALOGS = YES;
				MTL_ENABLE_DEBUG_INFO = INCLUDE_SOURCE;
				MTL_FAST_MATH = YES;
				ONLY_ACTIVE_ARCH = YES;
				SDKROOT = iphoneos;
				SWIFT_ACTIVE_COMPILATION_CONDITIONS = "DEBUG $(inherited)";
				SWIFT_OPTIMIZATION_LEVEL = "-Onone";
			};
			name = Debug;
		};
		E772B4582B58CF1D000BF51C /* Release */ = {
			isa = XCBuildConfiguration;
			buildSettings = {
				ALWAYS_SEARCH_USER_PATHS = NO;
				ASSETCATALOG_COMPILER_GENERATE_SWIFT_ASSET_SYMBOL_EXTENSIONS = YES;
				CLANG_ANALYZER_NONNULL = YES;
				CLANG_ANALYZER_NUMBER_OBJECT_CONVERSION = YES_AGGRESSIVE;
				CLANG_CXX_LANGUAGE_STANDARD = "gnu++20";
				CLANG_ENABLE_MODULES = YES;
				CLANG_ENABLE_OBJC_ARC = YES;
				CLANG_ENABLE_OBJC_WEAK = YES;
				CLANG_WARN_BLOCK_CAPTURE_AUTORELEASING = YES;
				CLANG_WARN_BOOL_CONVERSION = YES;
				CLANG_WARN_COMMA = YES;
				CLANG_WARN_CONSTANT_CONVERSION = YES;
				CLANG_WARN_DEPRECATED_OBJC_IMPLEMENTATIONS = YES;
				CLANG_WARN_DIRECT_OBJC_ISA_USAGE = YES_ERROR;
				CLANG_WARN_DOCUMENTATION_COMMENTS = YES;
				CLANG_WARN_EMPTY_BODY = YES;
				CLANG_WARN_ENUM_CONVERSION = YES;
				CLANG_WARN_INFINITE_RECURSION = YES;
				CLANG_WARN_INT_CONVERSION = YES;
				CLANG_WARN_NON_LITERAL_NULL_CONVERSION = YES;
				CLANG_WARN_OBJC_IMPLICIT_RETAIN_SELF = YES;
				CLANG_WARN_OBJC_LITERAL_CONVERSION = YES;
				CLANG_WARN_OBJC_ROOT_CLASS = YES_ERROR;
				CLANG_WARN_QUOTED_INCLUDE_IN_FRAMEWORK_HEADER = YES;
				CLANG_WARN_RANGE_LOOP_ANALYSIS = YES;
				CLANG_WARN_STRICT_PROTOTYPES = YES;
				CLANG_WARN_SUSPICIOUS_MOVE = YES;
				CLANG_WARN_UNGUARDED_AVAILABILITY = YES_AGGRESSIVE;
				CLANG_WARN_UNREACHABLE_CODE = YES;
				CLANG_WARN__DUPLICATE_METHOD_MATCH = YES;
				COPY_PHASE_STRIP = NO;
				DEBUG_INFORMATION_FORMAT = "dwarf-with-dsym";
				ENABLE_NS_ASSERTIONS = NO;
				ENABLE_STRICT_OBJC_MSGSEND = YES;
				ENABLE_USER_SCRIPT_SANDBOXING = YES;
				GCC_C_LANGUAGE_STANDARD = gnu17;
				GCC_NO_COMMON_BLOCKS = YES;
				GCC_WARN_64_TO_32_BIT_CONVERSION = YES;
				GCC_WARN_ABOUT_RETURN_TYPE = YES_ERROR;
				GCC_WARN_UNDECLARED_SELECTOR = YES;
				GCC_WARN_UNINITIALIZED_AUTOS = YES_AGGRESSIVE;
				GCC_WARN_UNUSED_FUNCTION = YES;
				GCC_WARN_UNUSED_VARIABLE = YES;
				IPHONEOS_DEPLOYMENT_TARGET = 17.0;
				LOCALIZATION_PREFERS_STRING_CATALOGS = YES;
				MTL_ENABLE_DEBUG_INFO = NO;
				MTL_FAST_MATH = YES;
				SDKROOT = iphoneos;
				SWIFT_COMPILATION_MODE = wholemodule;
				VALIDATE_PRODUCT = YES;
			};
			name = Release;
		};
		E772B45A2B58CF1D000BF51C /* Debug */ = {
			isa = XCBuildConfiguration;
			buildSettings = {
				ASSETCATALOG_COMPILER_APPICON_NAME = AppIcon;
				ASSETCATALOG_COMPILER_GLOBAL_ACCENT_COLOR_NAME = AccentColor;
				CODE_SIGN_STYLE = Automatic;
				CURRENT_PROJECT_VERSION = 1;
				DEVELOPMENT_TEAM = Y73ZJF4SCP;
				GENERATE_INFOPLIST_FILE = YES;
				INFOPLIST_FILE = KOKO_friends/Info.plist;
				INFOPLIST_KEY_UIApplicationSupportsIndirectInputEvents = YES;
				INFOPLIST_KEY_UILaunchStoryboardName = LaunchScreen;
				INFOPLIST_KEY_UIMainStoryboardFile = Main;
				INFOPLIST_KEY_UISupportedInterfaceOrientations_iPad = "UIInterfaceOrientationPortrait UIInterfaceOrientationPortraitUpsideDown UIInterfaceOrientationLandscapeLeft UIInterfaceOrientationLandscapeRight";
				INFOPLIST_KEY_UISupportedInterfaceOrientations_iPhone = "UIInterfaceOrientationPortrait UIInterfaceOrientationLandscapeLeft UIInterfaceOrientationLandscapeRight";
				LD_RUNPATH_SEARCH_PATHS = (
					"$(inherited)",
					"@executable_path/Frameworks",
				);
				MARKETING_VERSION = 1.0;
				PRODUCT_BUNDLE_IDENTIFIER = "ios22-jason.KOKO-friends";
				PRODUCT_NAME = "$(TARGET_NAME)";
				SWIFT_EMIT_LOC_STRINGS = YES;
				SWIFT_VERSION = 5.0;
				TARGETED_DEVICE_FAMILY = "1,2";
			};
			name = Debug;
		};
		E772B45B2B58CF1D000BF51C /* Release */ = {
			isa = XCBuildConfiguration;
			buildSettings = {
				ASSETCATALOG_COMPILER_APPICON_NAME = AppIcon;
				ASSETCATALOG_COMPILER_GLOBAL_ACCENT_COLOR_NAME = AccentColor;
				CODE_SIGN_STYLE = Automatic;
				CURRENT_PROJECT_VERSION = 1;
				DEVELOPMENT_TEAM = Y73ZJF4SCP;
				GENERATE_INFOPLIST_FILE = YES;
				INFOPLIST_FILE = KOKO_friends/Info.plist;
				INFOPLIST_KEY_UIApplicationSupportsIndirectInputEvents = YES;
				INFOPLIST_KEY_UILaunchStoryboardName = LaunchScreen;
				INFOPLIST_KEY_UIMainStoryboardFile = Main;
				INFOPLIST_KEY_UISupportedInterfaceOrientations_iPad = "UIInterfaceOrientationPortrait UIInterfaceOrientationPortraitUpsideDown UIInterfaceOrientationLandscapeLeft UIInterfaceOrientationLandscapeRight";
				INFOPLIST_KEY_UISupportedInterfaceOrientations_iPhone = "UIInterfaceOrientationPortrait UIInterfaceOrientationLandscapeLeft UIInterfaceOrientationLandscapeRight";
				LD_RUNPATH_SEARCH_PATHS = (
					"$(inherited)",
					"@executable_path/Frameworks",
				);
				MARKETING_VERSION = 1.0;
				PRODUCT_BUNDLE_IDENTIFIER = "ios22-jason.KOKO-friends";
				PRODUCT_NAME = "$(TARGET_NAME)";
				SWIFT_EMIT_LOC_STRINGS = YES;
				SWIFT_VERSION = 5.0;
				TARGETED_DEVICE_FAMILY = "1,2";
			};
			name = Release;
		};
		E772B47D2B58E3FE000BF51C /* Debug */ = {
			isa = XCBuildConfiguration;
			buildSettings = {
				BUNDLE_LOADER = "$(TEST_HOST)";
				CODE_SIGN_STYLE = Automatic;
				CURRENT_PROJECT_VERSION = 1;
				DEVELOPMENT_TEAM = Y73ZJF4SCP;
				GENERATE_INFOPLIST_FILE = YES;
				MARKETING_VERSION = 1.0;
				PRODUCT_BUNDLE_IDENTIFIER = "ios22-jason.KOKO-friendsTests";
				PRODUCT_NAME = "$(TARGET_NAME)";
				SWIFT_EMIT_LOC_STRINGS = NO;
				SWIFT_VERSION = 5.0;
				TARGETED_DEVICE_FAMILY = "1,2";
				TEST_HOST = "$(BUILT_PRODUCTS_DIR)/KOKO_friends.app/$(BUNDLE_EXECUTABLE_FOLDER_PATH)/KOKO_friends";
			};
			name = Debug;
		};
		E772B47E2B58E3FE000BF51C /* Release */ = {
			isa = XCBuildConfiguration;
			buildSettings = {
				BUNDLE_LOADER = "$(TEST_HOST)";
				CODE_SIGN_STYLE = Automatic;
				CURRENT_PROJECT_VERSION = 1;
				DEVELOPMENT_TEAM = Y73ZJF4SCP;
				GENERATE_INFOPLIST_FILE = YES;
				MARKETING_VERSION = 1.0;
				PRODUCT_BUNDLE_IDENTIFIER = "ios22-jason.KOKO-friendsTests";
				PRODUCT_NAME = "$(TARGET_NAME)";
				SWIFT_EMIT_LOC_STRINGS = NO;
				SWIFT_VERSION = 5.0;
				TARGETED_DEVICE_FAMILY = "1,2";
				TEST_HOST = "$(BUILT_PRODUCTS_DIR)/KOKO_friends.app/$(BUNDLE_EXECUTABLE_FOLDER_PATH)/KOKO_friends";
			};
			name = Release;
		};
/* End XCBuildConfiguration section */

/* Begin XCConfigurationList section */
		E772B4402B58CF1B000BF51C /* Build configuration list for PBXProject "KOKO_friends" */ = {
			isa = XCConfigurationList;
			buildConfigurations = (
				E772B4572B58CF1D000BF51C /* Debug */,
				E772B4582B58CF1D000BF51C /* Release */,
			);
			defaultConfigurationIsVisible = 0;
			defaultConfigurationName = Release;
		};
		E772B4592B58CF1D000BF51C /* Build configuration list for PBXNativeTarget "KOKO_friends" */ = {
			isa = XCConfigurationList;
			buildConfigurations = (
				E772B45A2B58CF1D000BF51C /* Debug */,
				E772B45B2B58CF1D000BF51C /* Release */,
			);
			defaultConfigurationIsVisible = 0;
			defaultConfigurationName = Release;
		};
		E772B47C2B58E3FE000BF51C /* Build configuration list for PBXNativeTarget "KOKO_friendsTests" */ = {
			isa = XCConfigurationList;
			buildConfigurations = (
				E772B47D2B58E3FE000BF51C /* Debug */,
				E772B47E2B58E3FE000BF51C /* Release */,
			);
			defaultConfigurationIsVisible = 0;
			defaultConfigurationName = Release;
		};
/* End XCConfigurationList section */
	};
	rootObject = E772B43D2B58CF1B000BF51C /* Project object */;
}
